
Microsoft Visual Studio Solution File, Format Version 12.00
# Visual Studio Version 17
VisualStudioVersion = 17.12.35707.178 d17.12
MinimumVisualStudioVersion = 10.0.40219.1
Project("{FAE04EC0-301F-11D3-BF4B-00C04F79EFBC}") = "ENumrable", "ENumrable\ENumrable.csproj", "{79101DD9-96D5-4904-86BE-14BC9E8CD66A}"
EndProject
Project("{FAE04EC0-301F-11D3-BF4B-00C04F79EFBC}") = "MultiPlayerMatrix", "MultiPlayerMatrix\MultiPlayerMatrix.csproj", "{598116B1-6BFC-4F53-9547-26909DF68B6F}"
EndProject
Global
	GlobalSection(SolutionConfigurationPlatforms) = preSolution
		Debug|Any CPU = Debug|Any CPU
		Release|Any CPU = Release|Any CPU
	EndGlobalSection
	GlobalSection(ProjectConfigurationPlatforms) = postSolution
		{79101DD9-96D5-4904-86BE-14BC9E8CD66A}.Debug|Any CPU.ActiveCfg = Debug|Any CPU
		{79101DD9-96D5-4904-86BE-14BC9E8CD66A}.Debug|Any CPU.Build.0 = Debug|Any CPU
		{79101DD9-96D5-4904-86BE-14BC9E8CD66A}.Release|Any CPU.ActiveCfg = Release|Any CPU
		{79101DD9-96D5-4904-86BE-14BC9E8CD66A}.Release|Any CPU.Build.0 = Release|Any CPU
		{598116B1-6BFC-4F53-9547-26909DF68B6F}.Debug|Any CPU.ActiveCfg = Debug|Any CPU
		{598116B1-6BFC-4F53-9547-26909DF68B6F}.Debug|Any CPU.Build.0 = Debug|Any CPU
		{598116B1-6BFC-4F53-9547-26909DF68B6F}.Release|Any CPU.ActiveCfg = Release|Any CPU
		{598116B1-6BFC-4F53-9547-26909DF68B6F}.Release|Any CPU.Build.0 = Release|Any CPU
	EndGlobalSection
	GlobalSection(SolutionProperties) = preSolution
		HideSolutionNode = FALSE
	EndGlobalSection
EndGlobal
