
Microsoft Visual Studio Solution File, Format Version 12.00
# Visual Studio Version 17
VisualStudioVersion = 17.9.34622.214
MinimumVisualStudioVersion = 10.0.40219.1
Project("{9A19103F-16F7-4668-BE54-9A1E7A4F7556}") = "GenericDemo", "GenericDemo\GenericDemo.csproj", "{6AED2A37-D7B1-487B-88C7-F90795170F6C}"
EndProject
Project("{FAE04EC0-301F-11D3-BF4B-00C04F79EFBC}") = "Box", "Box\Box.csproj", "{72571899-37E5-4D9D-9E4F-A91B4393F247}"
EndProject
Global
	GlobalSection(SolutionConfigurationPlatforms) = preSolution
		Debug|Any CPU = Debug|Any CPU
		Release|Any CPU = Release|Any CPU
	EndGlobalSection
	GlobalSection(ProjectConfigurationPlatforms) = postSolution
		{6AED2A37-D7B1-487B-88C7-F90795170F6C}.Debug|Any CPU.ActiveCfg = Debug|Any CPU
		{6AED2A37-D7B1-487B-88C7-F90795170F6C}.Debug|Any CPU.Build.0 = Debug|Any CPU
		{6AED2A37-D7B1-487B-88C7-F90795170F6C}.Release|Any CPU.ActiveCfg = Release|Any CPU
		{6AED2A37-D7B1-487B-88C7-F90795170F6C}.Release|Any CPU.Build.0 = Release|Any CPU
		{72571899-37E5-4D9D-9E4F-A91B4393F247}.Debug|Any CPU.ActiveCfg = Debug|Any CPU
		{72571899-37E5-4D9D-9E4F-A91B4393F247}.Debug|Any CPU.Build.0 = Debug|Any CPU
		{72571899-37E5-4D9D-9E4F-A91B4393F247}.Release|Any CPU.ActiveCfg = Release|Any CPU
		{72571899-37E5-4D9D-9E4F-A91B4393F247}.Release|Any CPU.Build.0 = Release|Any CPU
	EndGlobalSection
	GlobalSection(SolutionProperties) = preSolution
		HideSolutionNode = FALSE
	EndGlobalSection
	GlobalSection(ExtensibilityGlobals) = postSolution
		SolutionGuid = {EEA8724B-FCE4-40E6-837D-75D9AE7D7F07}
	EndGlobalSection
EndGlobal
