
Microsoft Visual Studio Solution File, Format Version 12.00
# Visual Studio Version 17
VisualStudioVersion = 17.12.35707.178 d17.12
MinimumVisualStudioVersion = 10.0.40219.1
Project("{FAE04EC0-301F-11D3-BF4B-00C04F79EFBC}") = "Remove Element", "Remove Element\Remove Element.csproj", "{27E9FEAB-B0C4-48F5-8710-E8AC4FAE37BE}"
EndProject
Global
	GlobalSection(SolutionConfigurationPlatforms) = preSolution
		Debug|Any CPU = Debug|Any CPU
		Release|Any CPU = Release|Any CPU
	EndGlobalSection
	GlobalSection(ProjectConfigurationPlatforms) = postSolution
		{27E9FEAB-B0C4-48F5-8710-E8AC4FAE37BE}.Debug|Any CPU.ActiveCfg = Debug|Any CPU
		{27E9FEAB-B0C4-48F5-8710-E8AC4FAE37BE}.Debug|Any CPU.Build.0 = Debug|Any CPU
		{27E9FEAB-B0C4-48F5-8710-E8AC4FAE37BE}.Release|Any CPU.ActiveCfg = Release|Any CPU
		{27E9FEAB-B0C4-48F5-8710-E8AC4FAE37BE}.Release|Any CPU.Build.0 = Release|Any CPU
	EndGlobalSection
	GlobalSection(SolutionProperties) = preSolution
		HideSolutionNode = FALSE
	EndGlobalSection
EndGlobal
