
Microsoft Visual Studio Solution File, Format Version 12.00
# Visual Studio Version 17
VisualStudioVersion = 17.9.34728.123
MinimumVisualStudioVersion = 10.0.40219.1
Project("{FAE04EC0-301F-11D3-BF4B-00C04F79EFBC}") = "sampledddd", "sampledddd\sampledddd.csproj", "{6BB53731-A211-41DA-8C35-C39082DFC491}"
EndProject
Global
	GlobalSection(SolutionConfigurationPlatforms) = preSolution
		Debug|Any CPU = Debug|Any CPU
		Release|Any CPU = Release|Any CPU
	EndGlobalSection
	GlobalSection(ProjectConfigurationPlatforms) = postSolution
		{6BB53731-A211-41DA-8C35-C39082DFC491}.Debug|Any CPU.ActiveCfg = Debug|Any CPU
		{6BB53731-A211-41DA-8C35-C39082DFC491}.Debug|Any CPU.Build.0 = Debug|Any CPU
		{6BB53731-A211-41DA-8C35-C39082DFC491}.Release|Any CPU.ActiveCfg = Release|Any CPU
		{6BB53731-A211-41DA-8C35-C39082DFC491}.Release|Any CPU.Build.0 = Release|Any CPU
	EndGlobalSection
	GlobalSection(SolutionProperties) = preSolution
		HideSolutionNode = FALSE
	EndGlobalSection
	GlobalSection(ExtensibilityGlobals) = postSolution
		SolutionGuid = {309E7F4D-5257-46ED-A08A-CB5FFAE4660B}
	EndGlobalSection
EndGlobal
