
Microsoft Visual Studio Solution File, Format Version 12.00
# Visual Studio Version 17
VisualStudioVersion = 17.9.34622.214
MinimumVisualStudioVersion = 10.0.40219.1
Project("{FAE04EC0-301F-11D3-BF4B-00C04F79EFBC}") = "4. Generic Swap Method Integers", "4. Generic Swap Method Integers\4. Generic Swap Method Integers.csproj", "{6ECBB43D-DAFB-4DC7-991D-5EA3A274303B}"
EndProject
Global
	GlobalSection(SolutionConfigurationPlatforms) = preSolution
		Debug|Any CPU = Debug|Any CPU
		Release|Any CPU = Release|Any CPU
	EndGlobalSection
	GlobalSection(ProjectConfigurationPlatforms) = postSolution
		{6ECBB43D-DAFB-4DC7-991D-5EA3A274303B}.Debug|Any CPU.ActiveCfg = Debug|Any CPU
		{6ECBB43D-DAFB-4DC7-991D-5EA3A274303B}.Debug|Any CPU.Build.0 = Debug|Any CPU
		{6ECBB43D-DAFB-4DC7-991D-5EA3A274303B}.Release|Any CPU.ActiveCfg = Release|Any CPU
		{6ECBB43D-DAFB-4DC7-991D-5EA3A274303B}.Release|Any CPU.Build.0 = Release|Any CPU
	EndGlobalSection
	GlobalSection(SolutionProperties) = preSolution
		HideSolutionNode = FALSE
	EndGlobalSection
	GlobalSection(ExtensibilityGlobals) = postSolution
		SolutionGuid = {A0071AFE-ADC0-4F13-97C7-43A1BA4A3128}
	EndGlobalSection
EndGlobal
