
Microsoft Visual Studio Solution File, Format Version 12.00
# Visual Studio Version 17
VisualStudioVersion = 17.9.34728.123
MinimumVisualStudioVersion = 10.0.40219.1
Project("{FAE04EC0-301F-11D3-BF4B-00C04F79EFBC}") = "Grading", "Grading\Grading.csproj", "{6E27C686-D805-45A1-B0E6-84F9FB646376}"
EndProject
Global
	GlobalSection(SolutionConfigurationPlatforms) = preSolution
		Debug|Any CPU = Debug|Any CPU
		Release|Any CPU = Release|Any CPU
	EndGlobalSection
	GlobalSection(ProjectConfigurationPlatforms) = postSolution
		{6E27C686-D805-45A1-B0E6-84F9FB646376}.Debug|Any CPU.ActiveCfg = Debug|Any CPU
		{6E27C686-D805-45A1-B0E6-84F9FB646376}.Debug|Any CPU.Build.0 = Debug|Any CPU
		{6E27C686-D805-45A1-B0E6-84F9FB646376}.Release|Any CPU.ActiveCfg = Release|Any CPU
		{6E27C686-D805-45A1-B0E6-84F9FB646376}.Release|Any CPU.Build.0 = Release|Any CPU
	EndGlobalSection
	GlobalSection(SolutionProperties) = preSolution
		HideSolutionNode = FALSE
	EndGlobalSection
	GlobalSection(ExtensibilityGlobals) = postSolution
		SolutionGuid = {BBFC8AC6-C086-4D9C-9176-EF36D89F25CA}
	EndGlobalSection
EndGlobal
