
Microsoft Visual Studio Solution File, Format Version 12.00
# Visual Studio Version 17
VisualStudioVersion = 17.9.34622.214
MinimumVisualStudioVersion = 10.0.40219.1
Project("{FAE04EC0-301F-11D3-BF4B-00C04F79EFBC}") = "MergingAndSquashing", "MergingAndSquashing\MergingAndSquashing.csproj", "{65DEC378-7E6B-48F7-A884-B0D166BC87D9}"
EndProject
Project("{FAE04EC0-301F-11D3-BF4B-00C04F79EFBC}") = "Tanks", "..\Tanks\Tanks.csproj", "{04127BCC-7DEE-47DF-98C7-9E13572A0481}"
EndProject
Global
	GlobalSection(SolutionConfigurationPlatforms) = preSolution
		Debug|Any CPU = Debug|Any CPU
		Release|Any CPU = Release|Any CPU
	EndGlobalSection
	GlobalSection(ProjectConfigurationPlatforms) = postSolution
		{65DEC378-7E6B-48F7-A884-B0D166BC87D9}.Debug|Any CPU.ActiveCfg = Debug|Any CPU
		{65DEC378-7E6B-48F7-A884-B0D166BC87D9}.Debug|Any CPU.Build.0 = Debug|Any CPU
		{65DEC378-7E6B-48F7-A884-B0D166BC87D9}.Release|Any CPU.ActiveCfg = Release|Any CPU
		{65DEC378-7E6B-48F7-A884-B0D166BC87D9}.Release|Any CPU.Build.0 = Release|Any CPU
		{04127BCC-7DEE-47DF-98C7-9E13572A0481}.Debug|Any CPU.ActiveCfg = Debug|Any CPU
		{04127BCC-7DEE-47DF-98C7-9E13572A0481}.Debug|Any CPU.Build.0 = Debug|Any CPU
		{04127BCC-7DEE-47DF-98C7-9E13572A0481}.Release|Any CPU.ActiveCfg = Release|Any CPU
		{04127BCC-7DEE-47DF-98C7-9E13572A0481}.Release|Any CPU.Build.0 = Release|Any CPU
	EndGlobalSection
	GlobalSection(SolutionProperties) = preSolution
		HideSolutionNode = FALSE
	EndGlobalSection
	GlobalSection(ExtensibilityGlobals) = postSolution
		SolutionGuid = {A796FF50-B6E0-4E26-8560-0EE140FD8906}
	EndGlobalSection
EndGlobal
