
Microsoft Visual Studio Solution File, Format Version 12.00
# Visual Studio Version 17
VisualStudioVersion = 17.9.34728.123
MinimumVisualStudioVersion = 10.0.40219.1
Project("{9A19103F-16F7-4668-BE54-9A1E7A4F7556}") = "UnitTest", "UnitTest\UnitTest.csproj", "{698EE92D-B334-4C66-9A56-39E48F26773A}"
EndProject
Project("{FAE04EC0-301F-11D3-BF4B-00C04F79EFBC}") = "sample1", "sample1\sample1.csproj", "{526CC2EF-CA9E-4C85-84DC-2094E7838D84}"
EndProject
Project("{FAE04EC0-301F-11D3-BF4B-00C04F79EFBC}") = "CalculateTest", "TestProject1\CalculateTest.csproj", "{621FA4D7-8577-4D75-B94A-DD5F464858D9}"
EndProject
Project("{FAE04EC0-301F-11D3-BF4B-00C04F79EFBC}") = "Domein", "Domein\Domein.csproj", "{B797E868-59A4-4EEA-9E53-64C23B5222AE}"
EndProject
Global
	GlobalSection(SolutionConfigurationPlatforms) = preSolution
		Debug|Any CPU = Debug|Any CPU
		Release|Any CPU = Release|Any CPU
	EndGlobalSection
	GlobalSection(ProjectConfigurationPlatforms) = postSolution
		{698EE92D-B334-4C66-9A56-39E48F26773A}.Debug|Any CPU.ActiveCfg = Debug|Any CPU
		{698EE92D-B334-4C66-9A56-39E48F26773A}.Debug|Any CPU.Build.0 = Debug|Any CPU
		{698EE92D-B334-4C66-9A56-39E48F26773A}.Release|Any CPU.ActiveCfg = Release|Any CPU
		{698EE92D-B334-4C66-9A56-39E48F26773A}.Release|Any CPU.Build.0 = Release|Any CPU
		{526CC2EF-CA9E-4C85-84DC-2094E7838D84}.Debug|Any CPU.ActiveCfg = Debug|Any CPU
		{526CC2EF-CA9E-4C85-84DC-2094E7838D84}.Debug|Any CPU.Build.0 = Debug|Any CPU
		{526CC2EF-CA9E-4C85-84DC-2094E7838D84}.Release|Any CPU.ActiveCfg = Release|Any CPU
		{526CC2EF-CA9E-4C85-84DC-2094E7838D84}.Release|Any CPU.Build.0 = Release|Any CPU
		{621FA4D7-8577-4D75-B94A-DD5F464858D9}.Debug|Any CPU.ActiveCfg = Debug|Any CPU
		{621FA4D7-8577-4D75-B94A-DD5F464858D9}.Debug|Any CPU.Build.0 = Debug|Any CPU
		{621FA4D7-8577-4D75-B94A-DD5F464858D9}.Release|Any CPU.ActiveCfg = Release|Any CPU
		{621FA4D7-8577-4D75-B94A-DD5F464858D9}.Release|Any CPU.Build.0 = Release|Any CPU
		{B797E868-59A4-4EEA-9E53-64C23B5222AE}.Debug|Any CPU.ActiveCfg = Debug|Any CPU
		{B797E868-59A4-4EEA-9E53-64C23B5222AE}.Debug|Any CPU.Build.0 = Debug|Any CPU
		{B797E868-59A4-4EEA-9E53-64C23B5222AE}.Release|Any CPU.ActiveCfg = Release|Any CPU
		{B797E868-59A4-4EEA-9E53-64C23B5222AE}.Release|Any CPU.Build.0 = Release|Any CPU
	EndGlobalSection
	GlobalSection(SolutionProperties) = preSolution
		HideSolutionNode = FALSE
	EndGlobalSection
	GlobalSection(ExtensibilityGlobals) = postSolution
		SolutionGuid = {B889C05D-B766-40D6-BAF4-F308867F11BF}
	EndGlobalSection
EndGlobal
