
Microsoft Visual Studio Solution File, Format Version 12.00
# Visual Studio Version 17
VisualStudioVersion = 17.9.34728.123
MinimumVisualStudioVersion = 10.0.40219.1
Project("{FAE04EC0-301F-11D3-BF4B-00C04F79EFBC}") = "SimulatorForAnimal", "SimulatorForAnimal\SimulatorForAnimal.csproj", "{E675D022-3CE8-4EF4-B4DF-2DD550E17865}"
EndProject
Global
	GlobalSection(SolutionConfigurationPlatforms) = preSolution
		Debug|Any CPU = Debug|Any CPU
		Release|Any CPU = Release|Any CPU
	EndGlobalSection
	GlobalSection(ProjectConfigurationPlatforms) = postSolution
		{E675D022-3CE8-4EF4-B4DF-2DD550E17865}.Debug|Any CPU.ActiveCfg = Debug|Any CPU
		{E675D022-3CE8-4EF4-B4DF-2DD550E17865}.Debug|Any CPU.Build.0 = Debug|Any CPU
		{E675D022-3CE8-4EF4-B4DF-2DD550E17865}.Release|Any CPU.ActiveCfg = Release|Any CPU
		{E675D022-3CE8-4EF4-B4DF-2DD550E17865}.Release|Any CPU.Build.0 = Release|Any CPU
	EndGlobalSection
	GlobalSection(SolutionProperties) = preSolution
		HideSolutionNode = FALSE
	EndGlobalSection
	GlobalSection(ExtensibilityGlobals) = postSolution
		SolutionGuid = {C8024E53-A68F-44A1-9B82-673A5564351A}
	EndGlobalSection
EndGlobal
