
Microsoft Visual Studio Solution File, Format Version 12.00
# Visual Studio Version 17
VisualStudioVersion = 17.9.34728.123
MinimumVisualStudioVersion = 10.0.40219.1
Project("{9A19103F-16F7-4668-BE54-9A1E7A4F7556}") = "Encapsulation", "Encapsulation\Encapsulation.csproj", "{4E553D00-1C62-47AB-AE0B-79683369019F}"
EndProject
Project("{9A19103F-16F7-4668-BE54-9A1E7A4F7556}") = "2. Salary Increase", "2. Salary Increase\2. Salary Increase.csproj", "{EA580313-E1CA-4EF5-822B-B91E7575F555}"
EndProject
Project("{9A19103F-16F7-4668-BE54-9A1E7A4F7556}") = "3. Validation of Data", "3. Validation of Data\3. Validation of Data.csproj", "{0F933E5E-1F92-4F45-8E9B-4BB79A232788}"
EndProject
Project("{9A19103F-16F7-4668-BE54-9A1E7A4F7556}") = "4. First and Reserve Team", "4. First and Reserve Team\4. First and Reserve Team.csproj", "{B2552238-7091-49CF-B206-C2C7289AC30E}"
EndProject
Project("{9A19103F-16F7-4668-BE54-9A1E7A4F7556}") = "1. Class Box Data", "1. Class Box Data\1. Class Box Data.csproj", "{F6FD5879-F10E-41B5-A1ED-4C2158D74645}"
EndProject
Project("{9A19103F-16F7-4668-BE54-9A1E7A4F7556}") = "3. Shopping Spree", "2. Animal Farm\3. Shopping Spree.csproj", "{8B8EC9DB-02B4-459F-B3D5-B91C6A5DB82A}"
EndProject
Project("{FAE04EC0-301F-11D3-BF4B-00C04F79EFBC}") = "4. Pizza Calories", "4. Pizza Calories\4. Pizza Calories.csproj", "{CC605C08-DB43-460A-AD7E-FE6EDE1C69A2}"
EndProject
Global
	GlobalSection(SolutionConfigurationPlatforms) = preSolution
		Debug|Any CPU = Debug|Any CPU
		Release|Any CPU = Release|Any CPU
	EndGlobalSection
	GlobalSection(ProjectConfigurationPlatforms) = postSolution
		{4E553D00-1C62-47AB-AE0B-79683369019F}.Debug|Any CPU.ActiveCfg = Debug|Any CPU
		{4E553D00-1C62-47AB-AE0B-79683369019F}.Debug|Any CPU.Build.0 = Debug|Any CPU
		{4E553D00-1C62-47AB-AE0B-79683369019F}.Release|Any CPU.ActiveCfg = Release|Any CPU
		{4E553D00-1C62-47AB-AE0B-79683369019F}.Release|Any CPU.Build.0 = Release|Any CPU
		{EA580313-E1CA-4EF5-822B-B91E7575F555}.Debug|Any CPU.ActiveCfg = Debug|Any CPU
		{EA580313-E1CA-4EF5-822B-B91E7575F555}.Debug|Any CPU.Build.0 = Debug|Any CPU
		{EA580313-E1CA-4EF5-822B-B91E7575F555}.Release|Any CPU.ActiveCfg = Release|Any CPU
		{EA580313-E1CA-4EF5-822B-B91E7575F555}.Release|Any CPU.Build.0 = Release|Any CPU
		{0F933E5E-1F92-4F45-8E9B-4BB79A232788}.Debug|Any CPU.ActiveCfg = Debug|Any CPU
		{0F933E5E-1F92-4F45-8E9B-4BB79A232788}.Debug|Any CPU.Build.0 = Debug|Any CPU
		{0F933E5E-1F92-4F45-8E9B-4BB79A232788}.Release|Any CPU.ActiveCfg = Release|Any CPU
		{0F933E5E-1F92-4F45-8E9B-4BB79A232788}.Release|Any CPU.Build.0 = Release|Any CPU
		{B2552238-7091-49CF-B206-C2C7289AC30E}.Debug|Any CPU.ActiveCfg = Debug|Any CPU
		{B2552238-7091-49CF-B206-C2C7289AC30E}.Debug|Any CPU.Build.0 = Debug|Any CPU
		{B2552238-7091-49CF-B206-C2C7289AC30E}.Release|Any CPU.ActiveCfg = Release|Any CPU
		{B2552238-7091-49CF-B206-C2C7289AC30E}.Release|Any CPU.Build.0 = Release|Any CPU
		{F6FD5879-F10E-41B5-A1ED-4C2158D74645}.Debug|Any CPU.ActiveCfg = Debug|Any CPU
		{F6FD5879-F10E-41B5-A1ED-4C2158D74645}.Debug|Any CPU.Build.0 = Debug|Any CPU
		{F6FD5879-F10E-41B5-A1ED-4C2158D74645}.Release|Any CPU.ActiveCfg = Release|Any CPU
		{F6FD5879-F10E-41B5-A1ED-4C2158D74645}.Release|Any CPU.Build.0 = Release|Any CPU
		{8B8EC9DB-02B4-459F-B3D5-B91C6A5DB82A}.Debug|Any CPU.ActiveCfg = Debug|Any CPU
		{8B8EC9DB-02B4-459F-B3D5-B91C6A5DB82A}.Debug|Any CPU.Build.0 = Debug|Any CPU
		{8B8EC9DB-02B4-459F-B3D5-B91C6A5DB82A}.Release|Any CPU.ActiveCfg = Release|Any CPU
		{8B8EC9DB-02B4-459F-B3D5-B91C6A5DB82A}.Release|Any CPU.Build.0 = Release|Any CPU
		{CC605C08-DB43-460A-AD7E-FE6EDE1C69A2}.Debug|Any CPU.ActiveCfg = Debug|Any CPU
		{CC605C08-DB43-460A-AD7E-FE6EDE1C69A2}.Debug|Any CPU.Build.0 = Debug|Any CPU
		{CC605C08-DB43-460A-AD7E-FE6EDE1C69A2}.Release|Any CPU.ActiveCfg = Release|Any CPU
		{CC605C08-DB43-460A-AD7E-FE6EDE1C69A2}.Release|Any CPU.Build.0 = Release|Any CPU
	EndGlobalSection
	GlobalSection(SolutionProperties) = preSolution
		HideSolutionNode = FALSE
	EndGlobalSection
	GlobalSection(ExtensibilityGlobals) = postSolution
		SolutionGuid = {284039DD-50D4-4AC1-8018-3555F66EC2B3}
	EndGlobalSection
EndGlobal
