
Microsoft Visual Studio Solution File, Format Version 12.00
# Visual Studio Version 17
VisualStudioVersion = 17.9.34728.123
MinimumVisualStudioVersion = 10.0.40219.1
Project("{9A19103F-16F7-4668-BE54-9A1E7A4F7556}") = "Encapsulation", "Encapsulation\Encapsulation.csproj", "{4E553D00-1C62-47AB-AE0B-79683369019F}"
EndProject
Project("{FAE04EC0-301F-11D3-BF4B-00C04F79EFBC}") = "2. Salary Increase", "2. Salary Increase\2. Salary Increase.csproj", "{EA580313-E1CA-4EF5-822B-B91E7575F555}"
EndProject
Global
	GlobalSection(SolutionConfigurationPlatforms) = preSolution
		Debug|Any CPU = Debug|Any CPU
		Release|Any CPU = Release|Any CPU
	EndGlobalSection
	GlobalSection(ProjectConfigurationPlatforms) = postSolution
		{4E553D00-1C62-47AB-AE0B-79683369019F}.Debug|Any CPU.ActiveCfg = Debug|Any CPU
		{4E553D00-1C62-47AB-AE0B-79683369019F}.Debug|Any CPU.Build.0 = Debug|Any CPU
		{4E553D00-1C62-47AB-AE0B-79683369019F}.Release|Any CPU.ActiveCfg = Release|Any CPU
		{4E553D00-1C62-47AB-AE0B-79683369019F}.Release|Any CPU.Build.0 = Release|Any CPU
		{EA580313-E1CA-4EF5-822B-B91E7575F555}.Debug|Any CPU.ActiveCfg = Debug|Any CPU
		{EA580313-E1CA-4EF5-822B-B91E7575F555}.Debug|Any CPU.Build.0 = Debug|Any CPU
		{EA580313-E1CA-4EF5-822B-B91E7575F555}.Release|Any CPU.ActiveCfg = Release|Any CPU
		{EA580313-E1CA-4EF5-822B-B91E7575F555}.Release|Any CPU.Build.0 = Release|Any CPU
	EndGlobalSection
	GlobalSection(SolutionProperties) = preSolution
		HideSolutionNode = FALSE
	EndGlobalSection
	GlobalSection(ExtensibilityGlobals) = postSolution
		SolutionGuid = {284039DD-50D4-4AC1-8018-3555F66EC2B3}
	EndGlobalSection
EndGlobal
