
Microsoft Visual Studio Solution File, Format Version 12.00
# Visual Studio Version 17
VisualStudioVersion = 17.9.34622.214
MinimumVisualStudioVersion = 10.0.40219.1
Project("{FAE04EC0-301F-11D3-BF4B-00C04F79EFBC}") = "Hi-Lo game", "Hi-Lo game\Hi-Lo game.csproj", "{F7BADB85-3A6B-4BB6-8F66-7F66E3BC18C3}"
EndProject
Global
	GlobalSection(SolutionConfigurationPlatforms) = preSolution
		Debug|Any CPU = Debug|Any CPU
		Release|Any CPU = Release|Any CPU
	EndGlobalSection
	GlobalSection(ProjectConfigurationPlatforms) = postSolution
		{F7BADB85-3A6B-4BB6-8F66-7F66E3BC18C3}.Debug|Any CPU.ActiveCfg = Debug|Any CPU
		{F7BADB85-3A6B-4BB6-8F66-7F66E3BC18C3}.Debug|Any CPU.Build.0 = Debug|Any CPU
		{F7BADB85-3A6B-4BB6-8F66-7F66E3BC18C3}.Release|Any CPU.ActiveCfg = Release|Any CPU
		{F7BADB85-3A6B-4BB6-8F66-7F66E3BC18C3}.Release|Any CPU.Build.0 = Release|Any CPU
	EndGlobalSection
	GlobalSection(SolutionProperties) = preSolution
		HideSolutionNode = FALSE
	EndGlobalSection
	GlobalSection(ExtensibilityGlobals) = postSolution
		SolutionGuid = {A27ECE3F-A8ED-4189-9710-B6FB5F9FD85C}
	EndGlobalSection
EndGlobal
