Microsoft Visual Studio Solution File, Format Version 12.00
# Visual Studio 2012
Project("{FAE04EC0-301F-11D3-BF4B-00C04F79EFBC}") = "CoursesProjectCG", "CoursesProjectCG.csproj", "{A21C3E2B-A56F-42AF-95E1-2756E3378630}"
EndProject
Global
	GlobalSection(SolutionConfigurationPlatforms) = preSolution
	Debug|Any CPU = Debug|Any CPU
	ExportDebug|Any CPU = ExportDebug|Any CPU
	ExportRelease|Any CPU = ExportRelease|Any CPU
	EndGlobalSection
	GlobalSection(ProjectConfigurationPlatforms) = postSolution
		{A21C3E2B-A56F-42AF-95E1-2756E3378630}.Debug|Any CPU.ActiveCfg = Debug|Any CPU
		{A21C3E2B-A56F-42AF-95E1-2756E3378630}.Debug|Any CPU.Build.0 = Debug|Any CPU
		{A21C3E2B-A56F-42AF-95E1-2756E3378630}.ExportDebug|Any CPU.ActiveCfg = ExportDebug|Any CPU
		{A21C3E2B-A56F-42AF-95E1-2756E3378630}.ExportDebug|Any CPU.Build.0 = ExportDebug|Any CPU
		{A21C3E2B-A56F-42AF-95E1-2756E3378630}.ExportRelease|Any CPU.ActiveCfg = ExportRelease|Any CPU
		{A21C3E2B-A56F-42AF-95E1-2756E3378630}.ExportRelease|Any CPU.Build.0 = ExportRelease|Any CPU
	EndGlobalSection
EndGlobal
