
Microsoft Visual Studio Solution File, Format Version 12.00
# Visual Studio Version 17
VisualStudioVersion = 17.9.34728.123
MinimumVisualStudioVersion = 10.0.40219.1
Project("{FAE04EC0-301F-11D3-BF4B-00C04F79EFBC}") = "Polymorphism", "Polymorphism\Polymorphism.csproj", "{0D37D9FE-781D-4396-A5F5-B67B1CF3EC1E}"
EndProject
Global
	GlobalSection(SolutionConfigurationPlatforms) = preSolution
		Debug|Any CPU = Debug|Any CPU
		Release|Any CPU = Release|Any CPU
	EndGlobalSection
	GlobalSection(ProjectConfigurationPlatforms) = postSolution
		{0D37D9FE-781D-4396-A5F5-B67B1CF3EC1E}.Debug|Any CPU.ActiveCfg = Debug|Any CPU
		{0D37D9FE-781D-4396-A5F5-B67B1CF3EC1E}.Debug|Any CPU.Build.0 = Debug|Any CPU
		{0D37D9FE-781D-4396-A5F5-B67B1CF3EC1E}.Release|Any CPU.ActiveCfg = Release|Any CPU
		{0D37D9FE-781D-4396-A5F5-B67B1CF3EC1E}.Release|Any CPU.Build.0 = Release|Any CPU
	EndGlobalSection
	GlobalSection(SolutionProperties) = preSolution
		HideSolutionNode = FALSE
	EndGlobalSection
	GlobalSection(ExtensibilityGlobals) = postSolution
		SolutionGuid = {EDC7D41C-BC86-4EDE-8BE5-8826C1B20C6E}
	EndGlobalSection
EndGlobal
